altair==5.5.0
annotated-types==0.7.0
anthropic==0.68.0
anyio==4.10.0
attrs==25.3.0
beautifulsoup4==4.13.5
blinker==1.9.0
cachetools==5.5.2
certifi==2025.8.3
cffi==2.0.0
chardet==5.2.0
charset-normalizer==3.4.3
click==8.2.1
colorclass==2.2.2
cryptography==46.0.1
cssselect==1.3.0
curl_cffi==0.13.0
distro==1.9.0
docstring_parser==0.17.0
duckdb==1.4.0
easygui==0.98.3
fastapi==0.116.2
filelock==3.19.1
frozendict==2.4.6
fsspec==2025.9.0
gitdb==4.0.12
GitPython==3.1.45
google-ai-generativelanguage==0.6.15
google-api-core==2.25.1
google-api-python-client==2.182.0
google-auth==2.40.3
google-auth-httplib2==0.2.0
google-generativeai==0.8.5
googleapis-common-protos==1.70.0
greenlet==3.2.4
grpcio==1.75.0
grpcio-status==1.71.2
h11==0.16.0
h2==4.3.0
hf-xet==1.1.10
hpack==4.1.0
httpcore==1.0.9
httplib2==0.31.0
httpx==0.28.1
huggingface-hub==0.35.0
hyperframe==6.1.0
idna==3.10
Jinja2==3.1.6
jiter==0.11.0
joblib==1.5.2
jsonschema==4.25.1
jsonschema-specifications==2025.9.1
lxml==6.0.1
lxml_html_clean==0.4.2
MarkupSafe==3.0.2
mpmath==1.3.0
msoffcrypto-tool==5.4.2
multitasking==0.0.12
narwhals==2.5.0
networkx==3.5
numpy==2.3.3
olefile==0.47
oletools==0.60.2
openai==1.108.0
packaging==25.0
pandas==2.3.2
pcodedmp==1.2.6
pdfminer.six==20250506
peewee==3.18.2
pillow==11.3.0
platformdirs==4.4.0
playwright==1.55.0
portalocker==3.2.0
proto-plus==1.26.1
protobuf==5.29.5
pyarrow==21.0.0
pyasn1==0.6.1
pyasn1_modules==0.4.2
pycparser==2.23
pydantic==2.11.9
pydantic_core==2.33.2
pydeck==0.9.1
pyee==13.0.0
pypandoc==1.15
pyparsing==3.2.4
python-dateutil==2.9.0.post0
python-docx==1.2.0
python-dotenv==1.1.1
pytz==2025.2
PyYAML==6.0.2
qdrant-client==1.15.1
readability-lxml==0.8.4.1
referencing==0.36.2
regex==2025.9.1
requests==2.32.5
rpds-py==0.27.1
rsa==4.9.1
safetensors==0.6.2
scikit-learn==1.7.2
scipy==1.16.2
sentence-transformers==5.1.0
setuptools==80.9.0
six==1.17.0
smmap==5.0.2
sniffio==1.3.1
soupsieve==2.8
starlette==0.48.0
streamlit==1.49.1
sympy==1.14.0
tenacity==9.1.2
threadpoolctl==3.6.0
tokenizers==0.22.0
toml==0.10.2
torch==2.8.0
tornado==6.5.2
tqdm==4.67.1
transformers==4.56.1
typing-inspection==0.4.1
typing_extensions==4.15.0
tzdata==2025.2
uritemplate==4.2.0
urllib3==2.5.0
uvicorn==0.35.0
websockets==15.0.1
wheel==0.45.1
yfinance==0.2.66
